
Microsoft Visual Studio Solution File, Format Version 12.00
# Visual Studio Version 17
Project("{8BC9CEB8-8B4A-11D0-8D11-00A0C91BC942}") = "Caramel", "Caramel\Caramel.vcxproj", "{3AE0C713-A6BF-46AF-AFD7-D1851B36AD10}"
EndProject
Project("{8BC9CEB8-8B4A-11D0-8D11-00A0C91BC942}") = "Sanbox", "Sanbox\Sanbox.vcxproj", "{307B94D0-1C1D-BFA6-05D8-D2FAF11846F7}"
EndProject
Global
	GlobalSection(SolutionConfigurationPlatforms) = preSolution
		Debug|x64 = Debug|x64
		Dist|x64 = Dist|x64
		Release|x64 = Release|x64
	EndGlobalSection
	GlobalSection(ProjectConfigurationPlatforms) = postSolution
		{3AE0C713-A6BF-46AF-AFD7-D1851B36AD10}.Debug|x64.ActiveCfg = Debug|x64
		{3AE0C713-A6BF-46AF-AFD7-D1851B36AD10}.Debug|x64.Build.0 = Debug|x64
		{3AE0C713-A6BF-46AF-AFD7-D1851B36AD10}.Dist|x64.ActiveCfg = Dist|x64
		{3AE0C713-A6BF-46AF-AFD7-D1851B36AD10}.Dist|x64.Build.0 = Dist|x64
		{3AE0C713-A6BF-46AF-AFD7-D1851B36AD10}.Release|x64.ActiveCfg = Release|x64
		{3AE0C713-A6BF-46AF-AFD7-D1851B36AD10}.Release|x64.Build.0 = Release|x64
		{307B94D0-1C1D-BFA6-05D8-D2FAF11846F7}.Debug|x64.ActiveCfg = Debug|x64
		{307B94D0-1C1D-BFA6-05D8-D2FAF11846F7}.Debug|x64.Build.0 = Debug|x64
		{307B94D0-1C1D-BFA6-05D8-D2FAF11846F7}.Dist|x64.ActiveCfg = Dist|x64
		{307B94D0-1C1D-BFA6-05D8-D2FAF11846F7}.Dist|x64.Build.0 = Dist|x64
		{307B94D0-1C1D-BFA6-05D8-D2FAF11846F7}.Release|x64.ActiveCfg = Release|x64
		{307B94D0-1C1D-BFA6-05D8-D2FAF11846F7}.Release|x64.Build.0 = Release|x64
	EndGlobalSection
	GlobalSection(SolutionProperties) = preSolution
		HideSolutionNode = FALSE
	EndGlobalSection
EndGlobal
