<?xml version="1.0" encoding="utf-8"?>
<Project ToolsVersion="4.0" xmlns="http://schemas.microsoft.com/developer/msbuild/2003">
  <ItemGroup>
    <Filter Include="Caramel">
      <UniqueIdentifier>{3AE0C713-A6BF-46AF-AFD7-D1851B36AD10}</UniqueIdentifier>
    </Filter>
  </ItemGroup>
  <ItemGroup>
    <ClInclude Include="src\Caramel.h" />
    <ClInclude Include="src\Caramel\Application.h">
      <Filter>Caramel</Filter>
    </ClInclude>
    <ClInclude Include="src\Caramel\Core.h">
      <Filter>Caramel</Filter>
    </ClInclude>
    <ClInclude Include="src\Caramel\EntryPoint.h">
      <Filter>Caramel</Filter>
    </ClInclude>
    <ClInclude Include="src\Caramel\Log.h">
      <Filter>Caramel</Filter>
    </ClInclude>
  </ItemGroup>
  <ItemGroup>
    <ClCompile Include="src\Caramel\Application.cpp">
      <Filter>Caramel</Filter>
    </ClCompile>
    <ClCompile Include="src\Caramel\Log.cpp">
      <Filter>Caramel</Filter>
    </ClCompile>
  </ItemGroup>
</Project>